
Microsoft Visual Studio Solution File, Format Version 12.00
# Visual Studio Version 17
VisualStudioVersion = 17.7.34031.279
MinimumVisualStudioVersion = 10.0.40219.1
Project("{FAE04EC0-301F-11D3-BF4B-00C04F79EFBC}") = "Car Rental.App", "Car Rental.App\Car Rental.App.csproj", "{CF3A7F50-CE5B-41C6-8658-88B4FA42E448}"
EndProject
Global
	GlobalSection(SolutionConfigurationPlatforms) = preSolution
		Debug|Any CPU = Debug|Any CPU
		Release|Any CPU = Release|Any CPU
	EndGlobalSection
	GlobalSection(ProjectConfigurationPlatforms) = postSolution
		{CF3A7F50-CE5B-41C6-8658-88B4FA42E448}.Debug|Any CPU.ActiveCfg = Debug|Any CPU
		{CF3A7F50-CE5B-41C6-8658-88B4FA42E448}.Debug|Any CPU.Build.0 = Debug|Any CPU
		{CF3A7F50-CE5B-41C6-8658-88B4FA42E448}.Release|Any CPU.ActiveCfg = Release|Any CPU
		{CF3A7F50-CE5B-41C6-8658-88B4FA42E448}.Release|Any CPU.Build.0 = Release|Any CPU
	EndGlobalSection
	GlobalSection(SolutionProperties) = preSolution
		HideSolutionNode = FALSE
	EndGlobalSection
	GlobalSection(ExtensibilityGlobals) = postSolution
		SolutionGuid = {2F4D643E-CBAF-46F4-BF2C-19464F1D06C7}
	EndGlobalSection
EndGlobal
