
Microsoft Visual Studio Solution File, Format Version 12.00
# Visual Studio Version 17
VisualStudioVersion = 17.7.34031.279
MinimumVisualStudioVersion = 10.0.40219.1
Project("{9A19103F-16F7-4668-BE54-9A1E7A4F7556}") = "Car Rental.Common", "Car Rental.Common\Car Rental.Common.csproj", "{D6BAB204-DB11-4A52-BED6-C753BC7BA716}"
EndProject
Project("{9A19103F-16F7-4668-BE54-9A1E7A4F7556}") = "Car Rental.Business", "Car Rental.Business\Car Rental.Business.csproj", "{26B70118-96E2-40FF-8794-89ABCA17A84D}"
EndProject
Project("{9A19103F-16F7-4668-BE54-9A1E7A4F7556}") = "Car Rental.Data", "Car Rental.Data\Car Rental.Data.csproj", "{7A7D0E2E-D4BB-4D8B-8C80-1736D0B9ECF8}"
EndProject
Project("{9A19103F-16F7-4668-BE54-9A1E7A4F7556}") = "Car Rental.App", "Car Rental.App\Car Rental.App.csproj", "{1AADA89A-B7F3-4318-A148-EBB577501E56}"
EndProject
Global
	GlobalSection(SolutionConfigurationPlatforms) = preSolution
		Debug|Any CPU = Debug|Any CPU
		Release|Any CPU = Release|Any CPU
	EndGlobalSection
	GlobalSection(ProjectConfigurationPlatforms) = postSolution
		{D6BAB204-DB11-4A52-BED6-C753BC7BA716}.Debug|Any CPU.ActiveCfg = Debug|Any CPU
		{D6BAB204-DB11-4A52-BED6-C753BC7BA716}.Debug|Any CPU.Build.0 = Debug|Any CPU
		{D6BAB204-DB11-4A52-BED6-C753BC7BA716}.Release|Any CPU.ActiveCfg = Release|Any CPU
		{D6BAB204-DB11-4A52-BED6-C753BC7BA716}.Release|Any CPU.Build.0 = Release|Any CPU
		{26B70118-96E2-40FF-8794-89ABCA17A84D}.Debug|Any CPU.ActiveCfg = Debug|Any CPU
		{26B70118-96E2-40FF-8794-89ABCA17A84D}.Debug|Any CPU.Build.0 = Debug|Any CPU
		{26B70118-96E2-40FF-8794-89ABCA17A84D}.Release|Any CPU.ActiveCfg = Release|Any CPU
		{26B70118-96E2-40FF-8794-89ABCA17A84D}.Release|Any CPU.Build.0 = Release|Any CPU
		{7A7D0E2E-D4BB-4D8B-8C80-1736D0B9ECF8}.Debug|Any CPU.ActiveCfg = Debug|Any CPU
		{7A7D0E2E-D4BB-4D8B-8C80-1736D0B9ECF8}.Debug|Any CPU.Build.0 = Debug|Any CPU
		{7A7D0E2E-D4BB-4D8B-8C80-1736D0B9ECF8}.Release|Any CPU.ActiveCfg = Release|Any CPU
		{7A7D0E2E-D4BB-4D8B-8C80-1736D0B9ECF8}.Release|Any CPU.Build.0 = Release|Any CPU
		{1AADA89A-B7F3-4318-A148-EBB577501E56}.Debug|Any CPU.ActiveCfg = Debug|Any CPU
		{1AADA89A-B7F3-4318-A148-EBB577501E56}.Debug|Any CPU.Build.0 = Debug|Any CPU
		{1AADA89A-B7F3-4318-A148-EBB577501E56}.Release|Any CPU.ActiveCfg = Release|Any CPU
		{1AADA89A-B7F3-4318-A148-EBB577501E56}.Release|Any CPU.Build.0 = Release|Any CPU
	EndGlobalSection
	GlobalSection(SolutionProperties) = preSolution
		HideSolutionNode = FALSE
	EndGlobalSection
	GlobalSection(ExtensibilityGlobals) = postSolution
		SolutionGuid = {2F4D643E-CBAF-46F4-BF2C-19464F1D06C7}
	EndGlobalSection
EndGlobal
